{
  "nodes": {
    "flake-nimble": {
      "inputs": {
        "nixpkgs": "nixpkgs"
      },
      "locked": {
        "lastModified": 1643332747,
        "narHash": "sha256-rwOnIAsbCpoU6pwwZsVt+XRoR9eseOgEZiX7n8yaY3M=",
        "owner": "nix-community",
        "repo": "flake-nimble",
        "rev": "84458e4f2c79bdeaf3590add02c3e3a69a80dedd",
        "type": "github"
      },
      "original": {
        "owner": "nix-community",
        "repo": "flake-nimble",
        "type": "github"
      }
    },
    "flake-utils": {
      "locked": {
        "lastModified": 1642700792,
        "narHash": "sha256-XqHrk7hFb+zBvRg6Ghl+AZDq03ov6OshJLiSWOoX5es=",
        "owner": "numtide",
        "repo": "flake-utils",
        "rev": "846b2ae0fc4cc943637d3d1def4454213e203cba",
        "type": "github"
      },
      "original": {
        "owner": "numtide",
        "repo": "flake-utils",
        "type": "github"
      }
    },
    "nixpkgs": {
      "locked": {
        "lastModified": 1641555862,
        "narHash": "sha256-AJK1Q5djPXs/ba3K6gHsVAer9yDPVLic78ZIDsFSkHU=",
        "owner": "nixos",
        "repo": "nixpkgs",
        "rev": "d1acd89e0116ff88eba80541027429fc922612e9",
        "type": "github"
      },
      "original": {
        "id": "nixpkgs",
        "type": "indirect"
      }
    },
    "nixpkgs_2": {
      "locked": {
        "lastModified": 1643202076,
        "narHash": "sha256-EcrUSBkBnw3KtDBoDwHvvwR1R6YF0axNFE4Vd2++iok=",
        "owner": "NixOS",
        "repo": "nixpkgs",
        "rev": "e722007bf05802573b41701c49da6c8814878171",
        "type": "github"
      },
      "original": {
        "id": "nixpkgs",
        "type": "indirect"
      }
    },
    "root": {
      "inputs": {
        "flake-nimble": "flake-nimble",
        "flake-utils": "flake-utils",
        "nixpkgs": "nixpkgs_2"
      }
    }
  },
  "root": "root",
  "version": 7
}
